
Microsoft Visual Studio Solution File, Format Version 12.00
# Visual Studio Version 17
VisualStudioVersion = 17.0.31903.59
MinimumVisualStudioVersion = 10.0.40219.1
Project("{2150E333-8FDC-42A3-9474-1A3956D46DE8}") = "src", "src", "{827E0CD3-B72D-47B6-A68D-7590B98EB39B}"
EndProject
Project("{FAE04EC0-301F-11D3-BF4B-00C04F79EFBC}") = "AppForPcs.API", "src\AppForPcs.API\AppForPcs.API.csproj", "{C2EDFCFA-ED10-43CF-BC97-B0B2AEAF8D6F}"
EndProject
Project("{FAE04EC0-301F-11D3-BF4B-00C04F79EFBC}") = "AppForPcs.Web", "src\AppForPcs.Web\AppForPcs.Web.csproj", "{D536A3B7-6E05-428C-A9A6-A7F6AC2C676B}"
EndProject
Project("{FAE04EC0-301F-11D3-BF4B-00C04F79EFBC}") = "AppForPcs.Shared", "src\AppForPcs.Shared\AppForPcs.Shared.csproj", "{C546742F-FA7D-4F5A-9247-6AA7C7C85E5C}"
EndProject
Project("{2150E333-8FDC-42A3-9474-1A3956D46DE8}") = "test", "test", "{0C88DD14-F956-CE84-757C-A364CCF449FC}"
EndProject
Project("{FAE04EC0-301F-11D3-BF4B-00C04F79EFBC}") = "AppForPcs.UT", "test\AppForPcs.UT\AppForPcs.UT.csproj", "{BBCC247D-1C06-4C95-8040-41486992801F}"
EndProject
Project("{FAE04EC0-301F-11D3-BF4B-00C04F79EFBC}") = "AppForPcs.UIT", "test\AppForPcs.UIT\AppForPcs.UIT.csproj", "{56C81D71-5AEB-4A5C-A43F-767AC5BF8303}"
EndProject
Global
	GlobalSection(SolutionConfigurationPlatforms) = preSolution
		Debug|Any CPU = Debug|Any CPU
		Debug|x64 = Debug|x64
		Debug|x86 = Debug|x86
		Release|Any CPU = Release|Any CPU
		Release|x64 = Release|x64
		Release|x86 = Release|x86
	EndGlobalSection
	GlobalSection(ProjectConfigurationPlatforms) = postSolution
		{C2EDFCFA-ED10-43CF-BC97-B0B2AEAF8D6F}.Debug|Any CPU.ActiveCfg = Debug|Any CPU
		{C2EDFCFA-ED10-43CF-BC97-B0B2AEAF8D6F}.Debug|Any CPU.Build.0 = Debug|Any CPU
		{C2EDFCFA-ED10-43CF-BC97-B0B2AEAF8D6F}.Debug|x64.ActiveCfg = Debug|Any CPU
		{C2EDFCFA-ED10-43CF-BC97-B0B2AEAF8D6F}.Debug|x64.Build.0 = Debug|Any CPU
		{C2EDFCFA-ED10-43CF-BC97-B0B2AEAF8D6F}.Debug|x86.ActiveCfg = Debug|Any CPU
		{C2EDFCFA-ED10-43CF-BC97-B0B2AEAF8D6F}.Debug|x86.Build.0 = Debug|Any CPU
		{C2EDFCFA-ED10-43CF-BC97-B0B2AEAF8D6F}.Release|Any CPU.ActiveCfg = Release|Any CPU
		{C2EDFCFA-ED10-43CF-BC97-B0B2AEAF8D6F}.Release|Any CPU.Build.0 = Release|Any CPU
		{C2EDFCFA-ED10-43CF-BC97-B0B2AEAF8D6F}.Release|x64.ActiveCfg = Release|Any CPU
		{C2EDFCFA-ED10-43CF-BC97-B0B2AEAF8D6F}.Release|x64.Build.0 = Release|Any CPU
		{C2EDFCFA-ED10-43CF-BC97-B0B2AEAF8D6F}.Release|x86.ActiveCfg = Release|Any CPU
		{C2EDFCFA-ED10-43CF-BC97-B0B2AEAF8D6F}.Release|x86.Build.0 = Release|Any CPU
		{D536A3B7-6E05-428C-A9A6-A7F6AC2C676B}.Debug|Any CPU.ActiveCfg = Debug|Any CPU
		{D536A3B7-6E05-428C-A9A6-A7F6AC2C676B}.Debug|Any CPU.Build.0 = Debug|Any CPU
		{D536A3B7-6E05-428C-A9A6-A7F6AC2C676B}.Debug|x64.ActiveCfg = Debug|Any CPU
		{D536A3B7-6E05-428C-A9A6-A7F6AC2C676B}.Debug|x64.Build.0 = Debug|Any CPU
		{D536A3B7-6E05-428C-A9A6-A7F6AC2C676B}.Debug|x86.ActiveCfg = Debug|Any CPU
		{D536A3B7-6E05-428C-A9A6-A7F6AC2C676B}.Debug|x86.Build.0 = Debug|Any CPU
		{D536A3B7-6E05-428C-A9A6-A7F6AC2C676B}.Release|Any CPU.ActiveCfg = Release|Any CPU
		{D536A3B7-6E05-428C-A9A6-A7F6AC2C676B}.Release|Any CPU.Build.0 = Release|Any CPU
		{D536A3B7-6E05-428C-A9A6-A7F6AC2C676B}.Release|x64.ActiveCfg = Release|Any CPU
		{D536A3B7-6E05-428C-A9A6-A7F6AC2C676B}.Release|x64.Build.0 = Release|Any CPU
		{D536A3B7-6E05-428C-A9A6-A7F6AC2C676B}.Release|x86.ActiveCfg = Release|Any CPU
		{D536A3B7-6E05-428C-A9A6-A7F6AC2C676B}.Release|x86.Build.0 = Release|Any CPU
		{C546742F-FA7D-4F5A-9247-6AA7C7C85E5C}.Debug|Any CPU.ActiveCfg = Debug|Any CPU
		{C546742F-FA7D-4F5A-9247-6AA7C7C85E5C}.Debug|Any CPU.Build.0 = Debug|Any CPU
		{C546742F-FA7D-4F5A-9247-6AA7C7C85E5C}.Debug|x64.ActiveCfg = Debug|Any CPU
		{C546742F-FA7D-4F5A-9247-6AA7C7C85E5C}.Debug|x64.Build.0 = Debug|Any CPU
		{C546742F-FA7D-4F5A-9247-6AA7C7C85E5C}.Debug|x86.ActiveCfg = Debug|Any CPU
		{C546742F-FA7D-4F5A-9247-6AA7C7C85E5C}.Debug|x86.Build.0 = Debug|Any CPU
		{C546742F-FA7D-4F5A-9247-6AA7C7C85E5C}.Release|Any CPU.ActiveCfg = Release|Any CPU
		{C546742F-FA7D-4F5A-9247-6AA7C7C85E5C}.Release|Any CPU.Build.0 = Release|Any CPU
		{C546742F-FA7D-4F5A-9247-6AA7C7C85E5C}.Release|x64.ActiveCfg = Release|Any CPU
		{C546742F-FA7D-4F5A-9247-6AA7C7C85E5C}.Release|x64.Build.0 = Release|Any CPU
		{C546742F-FA7D-4F5A-9247-6AA7C7C85E5C}.Release|x86.ActiveCfg = Release|Any CPU
		{C546742F-FA7D-4F5A-9247-6AA7C7C85E5C}.Release|x86.Build.0 = Release|Any CPU
		{BBCC247D-1C06-4C95-8040-41486992801F}.Debug|Any CPU.ActiveCfg = Debug|Any CPU
		{BBCC247D-1C06-4C95-8040-41486992801F}.Debug|Any CPU.Build.0 = Debug|Any CPU
		{BBCC247D-1C06-4C95-8040-41486992801F}.Debug|x64.ActiveCfg = Debug|Any CPU
		{BBCC247D-1C06-4C95-8040-41486992801F}.Debug|x64.Build.0 = Debug|Any CPU
		{BBCC247D-1C06-4C95-8040-41486992801F}.Debug|x86.ActiveCfg = Debug|Any CPU
		{BBCC247D-1C06-4C95-8040-41486992801F}.Debug|x86.Build.0 = Debug|Any CPU
		{BBCC247D-1C06-4C95-8040-41486992801F}.Release|Any CPU.ActiveCfg = Release|Any CPU
		{BBCC247D-1C06-4C95-8040-41486992801F}.Release|Any CPU.Build.0 = Release|Any CPU
		{BBCC247D-1C06-4C95-8040-41486992801F}.Release|x64.ActiveCfg = Release|Any CPU
		{BBCC247D-1C06-4C95-8040-41486992801F}.Release|x64.Build.0 = Release|Any CPU
		{BBCC247D-1C06-4C95-8040-41486992801F}.Release|x86.ActiveCfg = Release|Any CPU
		{BBCC247D-1C06-4C95-8040-41486992801F}.Release|x86.Build.0 = Release|Any CPU
		{56C81D71-5AEB-4A5C-A43F-767AC5BF8303}.Debug|Any CPU.ActiveCfg = Debug|Any CPU
		{56C81D71-5AEB-4A5C-A43F-767AC5BF8303}.Debug|Any CPU.Build.0 = Debug|Any CPU
		{56C81D71-5AEB-4A5C-A43F-767AC5BF8303}.Debug|x64.ActiveCfg = Debug|Any CPU
		{56C81D71-5AEB-4A5C-A43F-767AC5BF8303}.Debug|x64.Build.0 = Debug|Any CPU
		{56C81D71-5AEB-4A5C-A43F-767AC5BF8303}.Debug|x86.ActiveCfg = Debug|Any CPU
		{56C81D71-5AEB-4A5C-A43F-767AC5BF8303}.Debug|x86.Build.0 = Debug|Any CPU
		{56C81D71-5AEB-4A5C-A43F-767AC5BF8303}.Release|Any CPU.ActiveCfg = Release|Any CPU
		{56C81D71-5AEB-4A5C-A43F-767AC5BF8303}.Release|Any CPU.Build.0 = Release|Any CPU
		{56C81D71-5AEB-4A5C-A43F-767AC5BF8303}.Release|x64.ActiveCfg = Release|Any CPU
		{56C81D71-5AEB-4A5C-A43F-767AC5BF8303}.Release|x64.Build.0 = Release|Any CPU
		{56C81D71-5AEB-4A5C-A43F-767AC5BF8303}.Release|x86.ActiveCfg = Release|Any CPU
		{56C81D71-5AEB-4A5C-A43F-767AC5BF8303}.Release|x86.Build.0 = Release|Any CPU
	EndGlobalSection
	GlobalSection(SolutionProperties) = preSolution
		HideSolutionNode = FALSE
	EndGlobalSection
	GlobalSection(NestedProjects) = preSolution
		{C2EDFCFA-ED10-43CF-BC97-B0B2AEAF8D6F} = {827E0CD3-B72D-47B6-A68D-7590B98EB39B}
		{D536A3B7-6E05-428C-A9A6-A7F6AC2C676B} = {827E0CD3-B72D-47B6-A68D-7590B98EB39B}
		{C546742F-FA7D-4F5A-9247-6AA7C7C85E5C} = {827E0CD3-B72D-47B6-A68D-7590B98EB39B}
		{BBCC247D-1C06-4C95-8040-41486992801F} = {0C88DD14-F956-CE84-757C-A364CCF449FC}
		{56C81D71-5AEB-4A5C-A43F-767AC5BF8303} = {0C88DD14-F956-CE84-757C-A364CCF449FC}
	EndGlobalSection
EndGlobal
